{
  "projects": [
    {
      "projectId": "ohDidvG9XsCeFumugENU3J",
      "version": "4.4.0",
      "dependencies": {},
      "lang": "js",
      "fileLocks": [
        {
          "assetId": "ohDidvG9XsCeFumugENU3J",
          "type": "projectCss",
          "checksum": "fd83b730367fdbde2c69bc6cf31c2a3c"
        },
        {
          "assetId": "ohDidvG9XsCeFumugENU3J",
          "checksum": "8f45a75070e2f0edc34a4dc3d5f6b736",
          "type": "globalContexts"
        }
      ],
      "codegenVersion": "0.0.1"
    },
    {
      "projectId": "qYXJkyifyxfQuqtTDFQCRa",
      "version": "latest",
      "dependencies": {
        "ohDidvG9XsCeFumugENU3J": "4.4.0"
      },
      "lang": "js",
      "fileLocks": [
        {
          "type": "globalVariant",
          "assetId": "tvKzUvB7GGZH0",
          "checksum": "d175bedbb6f8ef9d00d49acca0850c91"
        },
        {
          "assetId": "qYXJkyifyxfQuqtTDFQCRa",
          "type": "projectCss",
          "checksum": "7cee7db7ca258bb9dd46aaf4190c5c8a"
        },
        {
          "assetId": "qYXJkyifyxfQuqtTDFQCRa",
          "checksum": "fb5a75fc3cf1adec0de4888ffeba81fa",
          "type": "globalContexts"
        },
        {
          "type": "renderModule",
          "assetId": "K9mBxKPq7acu",
          "checksum": "6a3dcc656685aa145e072d5f2b075da4"
        },
        {
          "type": "cssRules",
          "assetId": "K9mBxKPq7acu",
          "checksum": "6a3dcc656685aa145e072d5f2b075da4"
        },
        {
          "type": "renderModule",
          "assetId": "VS4Cm-DCBjr",
          "checksum": "43c1b9d03fb890c2baa5891c0014ae83"
        },
        {
          "type": "cssRules",
          "assetId": "VS4Cm-DCBjr",
          "checksum": "43c1b9d03fb890c2baa5891c0014ae83"
        },
        {
          "type": "icon",
          "assetId": "K_9f4twbCGN",
          "checksum": "eeb1b24955bf893dc6f6a22e70494422"
        },
        {
          "type": "icon",
          "assetId": "EHJ7BhqsxCJ",
          "checksum": "1f000d769e08354f807cecdfe0df8af8"
        },
        {
          "type": "icon",
          "assetId": "MzqwOiA3on2",
          "checksum": "71689b4b80f2bf597687dd6bb4f885a8"
        },
        {
          "type": "icon",
          "assetId": "jFD2coGwBjR",
          "checksum": "546b063ae153f92e6b170145d4786046"
        },
        {
          "type": "icon",
          "assetId": "T34fP_SwfOU",
          "checksum": "7e91b195893396a9ef358170d14550dc"
        },
        {
          "type": "icon",
          "assetId": "sKGZxHnC-",
          "checksum": "ffa77f652aeae4e0063efd720d1ceaae"
        },
        {
          "type": "image",
          "assetId": "9vLNqynB-",
          "checksum": "a7f8f2176a245ab708b898a0dbe629aa"
        },
        {
          "type": "image",
          "assetId": "KH-lCjzYXU9",
          "checksum": "3976ffdbcc66eb6d89d2348307561d77"
        },
        {
          "type": "image",
          "assetId": "-qtUVHAbg",
          "checksum": "29cad0c7a958852d09cae967d904a8fa"
        },
        {
          "type": "image",
          "assetId": "pP2eHAKP3",
          "checksum": "05614f955aa1da2bb3b860113a615a26"
        },
        {
          "type": "image",
          "assetId": "eNy3jl5Ye",
          "checksum": "0a881040c436cf7717a9e7b31a5e2369"
        },
        {
          "type": "image",
          "assetId": "-_iyN5uLt",
          "checksum": "c680eb51887fd6b68840abc67349ba61"
        }
      ],
      "codegenVersion": "0.0.1"
    }
  ],
  "cliVersion": "0.1.286"
}
