{
  "projects": [
    {
      "projectId": "ohDidvG9XsCeFumugENU3J",
      "version": "4.6.0",
      "dependencies": {},
      "lang": "js",
      "fileLocks": [
        {
          "assetId": "ohDidvG9XsCeFumugENU3J",
          "checksum": "8f45a75070e2f0edc34a4dc3d5f6b736",
          "type": "globalContexts"
        },
        {
          "assetId": "ohDidvG9XsCeFumugENU3J",
          "type": "projectCss",
          "checksum": "fd83b730367fdbde2c69bc6cf31c2a3c"
        }
      ],
      "codegenVersion": "0.0.1"
    },
    {
      "projectId": "qYXJkyifyxfQuqtTDFQCRa",
      "version": "latest",
      "dependencies": {
        "ohDidvG9XsCeFumugENU3J": "4.6.0"
      },
      "lang": "js",
      "fileLocks": [
        {
          "type": "globalVariant",
          "assetId": "tvKzUvB7GGZH0",
          "checksum": "2d9503d26807ab1901f6607553fb2532"
        },
        {
          "assetId": "qYXJkyifyxfQuqtTDFQCRa",
          "checksum": "fb5a75fc3cf1adec0de4888ffeba81fa",
          "type": "globalContexts"
        },
        {
          "type": "renderModule",
          "assetId": "K9mBxKPq7acu",
          "checksum": "0d00c1fccad649211d35f0580c86205c"
        },
        {
          "type": "cssRules",
          "assetId": "K9mBxKPq7acu",
          "checksum": "0d00c1fccad649211d35f0580c86205c"
        },
        {
          "type": "renderModule",
          "assetId": "VS4Cm-DCBjr",
          "checksum": "69d06f6097edbc8a26d5eac6301068f0"
        },
        {
          "type": "cssRules",
          "assetId": "VS4Cm-DCBjr",
          "checksum": "69d06f6097edbc8a26d5eac6301068f0"
        },
        {
          "type": "icon",
          "assetId": "K_9f4twbCGN",
          "checksum": "eeb1b24955bf893dc6f6a22e70494422"
        },
        {
          "type": "icon",
          "assetId": "EHJ7BhqsxCJ",
          "checksum": "1f000d769e08354f807cecdfe0df8af8"
        },
        {
          "type": "icon",
          "assetId": "MzqwOiA3on2",
          "checksum": "71689b4b80f2bf597687dd6bb4f885a8"
        },
        {
          "type": "icon",
          "assetId": "jFD2coGwBjR",
          "checksum": "546b063ae153f92e6b170145d4786046"
        },
        {
          "type": "icon",
          "assetId": "T34fP_SwfOU",
          "checksum": "7e91b195893396a9ef358170d14550dc"
        },
        {
          "type": "icon",
          "assetId": "sKGZxHnC-",
          "checksum": "ffa77f652aeae4e0063efd720d1ceaae"
        },
        {
          "type": "image",
          "assetId": "9vLNqynB-",
          "checksum": "a7f8f2176a245ab708b898a0dbe629aa"
        },
        {
          "type": "image",
          "assetId": "KH-lCjzYXU9",
          "checksum": "3976ffdbcc66eb6d89d2348307561d77"
        },
        {
          "type": "image",
          "assetId": "-qtUVHAbg",
          "checksum": "29cad0c7a958852d09cae967d904a8fa"
        },
        {
          "type": "image",
          "assetId": "pP2eHAKP3",
          "checksum": "05614f955aa1da2bb3b860113a615a26"
        },
        {
          "type": "image",
          "assetId": "eNy3jl5Ye",
          "checksum": "0a881040c436cf7717a9e7b31a5e2369"
        },
        {
          "type": "image",
          "assetId": "-_iyN5uLt",
          "checksum": "c680eb51887fd6b68840abc67349ba61"
        },
        {
          "type": "globalVariant",
          "assetId": "qR_Hkcp_42",
          "checksum": "261b85abfa30079f1f240c8fe40d5361"
        },
        {
          "type": "renderModule",
          "assetId": "qm-EzOzJON",
          "checksum": "515ff80b2f419cf5bd8f7b1e8c6db6fa"
        },
        {
          "type": "cssRules",
          "assetId": "qm-EzOzJON",
          "checksum": "515ff80b2f419cf5bd8f7b1e8c6db6fa"
        },
        {
          "type": "renderModule",
          "assetId": "jKKz051o73",
          "checksum": "df632dcd16b7a16846a5d7276fd337a6"
        },
        {
          "type": "cssRules",
          "assetId": "jKKz051o73",
          "checksum": "df632dcd16b7a16846a5d7276fd337a6"
        },
        {
          "type": "renderModule",
          "assetId": "klxX5nKFAD",
          "checksum": "dc25b7c49daa252d4de142ae0ffdf816"
        },
        {
          "type": "cssRules",
          "assetId": "klxX5nKFAD",
          "checksum": "dc25b7c49daa252d4de142ae0ffdf816"
        },
        {
          "type": "renderModule",
          "assetId": "owGtneM1utE",
          "checksum": "802efdc22d36f54b0b45c8de785a3e9d"
        },
        {
          "type": "cssRules",
          "assetId": "owGtneM1utE",
          "checksum": "802efdc22d36f54b0b45c8de785a3e9d"
        },
        {
          "type": "renderModule",
          "assetId": "sRwVN1JpEF",
          "checksum": "97d7bd907046de992698897a42dbd450"
        },
        {
          "type": "cssRules",
          "assetId": "sRwVN1JpEF",
          "checksum": "97d7bd907046de992698897a42dbd450"
        },
        {
          "type": "renderModule",
          "assetId": "xsieR2sgf2",
          "checksum": "2508d5e98399f4075e7f399e0ea21fa8"
        },
        {
          "type": "cssRules",
          "assetId": "xsieR2sgf2",
          "checksum": "2508d5e98399f4075e7f399e0ea21fa8"
        },
        {
          "type": "renderModule",
          "assetId": "Ric4jps1ZGe",
          "checksum": "13249629f776995959116f4c4f682fbd"
        },
        {
          "type": "cssRules",
          "assetId": "Ric4jps1ZGe",
          "checksum": "13249629f776995959116f4c4f682fbd"
        },
        {
          "type": "renderModule",
          "assetId": "6R7wK_O9k4U",
          "checksum": "54a7bb7726899493ea76b8402289568a"
        },
        {
          "type": "cssRules",
          "assetId": "6R7wK_O9k4U",
          "checksum": "54a7bb7726899493ea76b8402289568a"
        },
        {
          "type": "renderModule",
          "assetId": "sOvqC3Coibm",
          "checksum": "85b9e17241fb94474a3f45f34661b42f"
        },
        {
          "type": "cssRules",
          "assetId": "sOvqC3Coibm",
          "checksum": "85b9e17241fb94474a3f45f34661b42f"
        },
        {
          "type": "renderModule",
          "assetId": "gAsGPeXmSnS",
          "checksum": "b0edab867748b9e94a7d9b28963be365"
        },
        {
          "type": "cssRules",
          "assetId": "gAsGPeXmSnS",
          "checksum": "b0edab867748b9e94a7d9b28963be365"
        },
        {
          "type": "renderModule",
          "assetId": "QPLNTBR3_IIG",
          "checksum": "176a2701ae0a0aaef6301e866e59a0a8"
        },
        {
          "type": "cssRules",
          "assetId": "QPLNTBR3_IIG",
          "checksum": "176a2701ae0a0aaef6301e866e59a0a8"
        },
        {
          "type": "renderModule",
          "assetId": "eWFN0R42ty",
          "checksum": "8192b2efe12caa33d96d344f2a82dba1"
        },
        {
          "type": "cssRules",
          "assetId": "eWFN0R42ty",
          "checksum": "8192b2efe12caa33d96d344f2a82dba1"
        },
        {
          "type": "renderModule",
          "assetId": "Yaa7Qx0AtX",
          "checksum": "107624d4a4bb87ee1ea79310eeaa3150"
        },
        {
          "type": "cssRules",
          "assetId": "Yaa7Qx0AtX",
          "checksum": "107624d4a4bb87ee1ea79310eeaa3150"
        },
        {
          "type": "renderModule",
          "assetId": "cdtIcE32qk",
          "checksum": "59ad552e89fb95a1d242b9834aad53eb"
        },
        {
          "type": "cssRules",
          "assetId": "cdtIcE32qk",
          "checksum": "59ad552e89fb95a1d242b9834aad53eb"
        },
        {
          "type": "renderModule",
          "assetId": "E8EB-KHnAO",
          "checksum": "5fd7b6c36f716f792636e708c623b2ae"
        },
        {
          "type": "cssRules",
          "assetId": "E8EB-KHnAO",
          "checksum": "5fd7b6c36f716f792636e708c623b2ae"
        },
        {
          "type": "renderModule",
          "assetId": "8QY6yVqFD3",
          "checksum": "f111913a94cf5f9db6381a334e5ff1e5"
        },
        {
          "type": "cssRules",
          "assetId": "8QY6yVqFD3",
          "checksum": "f111913a94cf5f9db6381a334e5ff1e5"
        },
        {
          "type": "renderModule",
          "assetId": "tRM_AWcKkm",
          "checksum": "b24e4a6825fdf0b13cc4d4d8a016eebf"
        },
        {
          "type": "cssRules",
          "assetId": "tRM_AWcKkm",
          "checksum": "b24e4a6825fdf0b13cc4d4d8a016eebf"
        },
        {
          "type": "renderModule",
          "assetId": "4PqtYFOawF",
          "checksum": "8904573014664069a6cdccefe94c59a5"
        },
        {
          "type": "cssRules",
          "assetId": "4PqtYFOawF",
          "checksum": "8904573014664069a6cdccefe94c59a5"
        },
        {
          "type": "renderModule",
          "assetId": "5irGb5N5YY",
          "checksum": "5b70197c175e5b222f15f7351364a083"
        },
        {
          "type": "cssRules",
          "assetId": "5irGb5N5YY",
          "checksum": "5b70197c175e5b222f15f7351364a083"
        },
        {
          "type": "renderModule",
          "assetId": "tawyW2Li6P",
          "checksum": "964c3920f80339b3ba320ceb402dccde"
        },
        {
          "type": "cssRules",
          "assetId": "tawyW2Li6P",
          "checksum": "964c3920f80339b3ba320ceb402dccde"
        },
        {
          "type": "renderModule",
          "assetId": "pcjCVOj-il",
          "checksum": "1e81974d39629548d2e4105edacbf91b"
        },
        {
          "type": "cssRules",
          "assetId": "pcjCVOj-il",
          "checksum": "1e81974d39629548d2e4105edacbf91b"
        },
        {
          "type": "renderModule",
          "assetId": "yqmiKgneAs",
          "checksum": "f00a28ee29b7dd13af230f5c613165b1"
        },
        {
          "type": "cssRules",
          "assetId": "yqmiKgneAs",
          "checksum": "f00a28ee29b7dd13af230f5c613165b1"
        },
        {
          "type": "renderModule",
          "assetId": "R7A-FIEs08",
          "checksum": "54b2f09e5eb1b2ba62cd5bc9d2baefd0"
        },
        {
          "type": "cssRules",
          "assetId": "R7A-FIEs08",
          "checksum": "54b2f09e5eb1b2ba62cd5bc9d2baefd0"
        },
        {
          "type": "renderModule",
          "assetId": "sdFwgj_RBK",
          "checksum": "cb8752974573ce1ae0b4420a23090563"
        },
        {
          "type": "cssRules",
          "assetId": "sdFwgj_RBK",
          "checksum": "cb8752974573ce1ae0b4420a23090563"
        },
        {
          "type": "icon",
          "assetId": "ZEZum5JdJYg",
          "checksum": "5a0f986b9a15fe8af4139565fab01d8b"
        },
        {
          "type": "icon",
          "assetId": "CQ2DYR63g8S",
          "checksum": "ff0285af9ed396f81a9196431ebaf2f6"
        },
        {
          "type": "icon",
          "assetId": "hJVqRoo8T1m",
          "checksum": "80255bf56e5798863a0181d435d176c3"
        },
        {
          "type": "icon",
          "assetId": "6jcESFctCjp",
          "checksum": "65cffe5afffac474705273b5342c66a3"
        },
        {
          "type": "icon",
          "assetId": "hPWiErNdFWp",
          "checksum": "2235fb855d904b324a746026be0459eb"
        },
        {
          "type": "icon",
          "assetId": "AGPM0L-f5nJ",
          "checksum": "1a790f660b2f64718001c6b515113501"
        },
        {
          "type": "icon",
          "assetId": "-AuXPEj7VY9E",
          "checksum": "9c86d6f8f54b52a450312c562315a743"
        },
        {
          "type": "icon",
          "assetId": "8pMYKM2dxC9b",
          "checksum": "765bfcb462e53d289c1f77dcc853e41f"
        },
        {
          "type": "icon",
          "assetId": "X3QaoT9tL8Vs",
          "checksum": "0e363f46b809f2004982703ff36417b6"
        },
        {
          "type": "icon",
          "assetId": "6UpumiS197R",
          "checksum": "4c9e0488363c7b6ad00a1c815a1a7ad6"
        },
        {
          "type": "image",
          "assetId": "ad-wssQICi6",
          "checksum": "2c14fc6115cd1afce62bf2d70146fe98"
        },
        {
          "type": "image",
          "assetId": "jw4E1mXT4Lz",
          "checksum": "471847e0b7b6e651b46c31693152514e"
        },
        {
          "type": "image",
          "assetId": "E7-xhvYb7hk",
          "checksum": "bf96f10ad0fd5720405926bc89ee31e2"
        },
        {
          "type": "image",
          "assetId": "TzBx7AQxlaK",
          "checksum": "b4fde4dc7dbfc5a0ee3c5be5c86ee5df"
        },
        {
          "type": "image",
          "assetId": "yoXd0xTy_bq",
          "checksum": "716a5d0b6019884eab4fda2e1d18044a"
        },
        {
          "type": "image",
          "assetId": "HHpIPwiDRAe",
          "checksum": "0fcccb0562c3a751f9f58f6aafe7607f"
        },
        {
          "type": "image",
          "assetId": "eiY5-D9fRe5",
          "checksum": "261577524e2a0615c0d5fb6992f4e5f9"
        },
        {
          "type": "image",
          "assetId": "hOvMEtfWrmh",
          "checksum": "4a4348a0425f3aa2b493af5261dbe3c7"
        },
        {
          "type": "image",
          "assetId": "fCbt8Jwzttd",
          "checksum": "63337211682f880ae34841eb0cc43047"
        },
        {
          "type": "image",
          "assetId": "bOU6hVJejY0",
          "checksum": "995b9ca77c41bb874182edfc9c8e8ed3"
        },
        {
          "type": "image",
          "assetId": "1ozKV2wggqS",
          "checksum": "09b84bdf3fd637ea8752212e82146a84"
        },
        {
          "type": "image",
          "assetId": "SZY5Gg0tXEH",
          "checksum": "f84240d8a63539a86ac4df1e6e2a3875"
        },
        {
          "type": "image",
          "assetId": "57b7dJjx9S0",
          "checksum": "a86d9c585cd461396796e8612cde84e6"
        },
        {
          "type": "image",
          "assetId": "u9VQKGWIIKt",
          "checksum": "426a7598f588b9846b21525d2eda8d64"
        },
        {
          "type": "image",
          "assetId": "6VQsQmMthOH",
          "checksum": "d0aadc9c041d12c7273ee13359d29613"
        },
        {
          "type": "image",
          "assetId": "pd834QfIF",
          "checksum": "974b639a7c1fbd5aee064c5a8de75fa2"
        },
        {
          "type": "image",
          "assetId": "Xf5g1fYwy",
          "checksum": "8d04477997d0ce725fb975fb57cee486"
        },
        {
          "type": "image",
          "assetId": "JssAkE_xe",
          "checksum": "29d102c569d3ca253813f6f4e534defa"
        },
        {
          "type": "image",
          "assetId": "aCS-nAr92",
          "checksum": "99c80ce3a8c0418d860391134eb25bc6"
        },
        {
          "type": "image",
          "assetId": "77Wta1Zpmy",
          "checksum": "b612dd96dd1ff5b18c360de7486671d6"
        },
        {
          "assetId": "qYXJkyifyxfQuqtTDFQCRa",
          "type": "projectCss",
          "checksum": "e49b0fa418700a08045dd440f480afe5"
        }
      ],
      "codegenVersion": "0.0.1"
    }
  ],
  "cliVersion": "0.1.286"
}
